# This file is generated by running "yarn install" inside your project.
# Manual changes might be lost - proceed with caution!

__metadata:
  version: 6
  cacheKey: 8

"@babel/generator@npm:^7.28.5":
  version: 7.28.5
  resolution: "@babel/generator@npm:7.28.5"
  dependencies:
    "@babel/parser": ^7.28.5
    "@babel/types": ^7.28.5
    "@jridgewell/gen-mapping": ^0.3.12
    "@jridgewell/trace-mapping": ^0.3.28
    jsesc: ^3.0.2
  checksum: 3e86fa0197bb33394a85a73dbbca92bb1b3f250a30294c7e327359c0978ad90f36f3d71c7f2965a3fc349cfa82becc8f87e7421c75796c8bc48dd9010dd866d1
  languageName: node
  linkType: hard

"@babel/helper-string-parser@npm:^7.27.1":
  version: 7.27.1
  resolution: "@babel/helper-string-parser@npm:7.27.1"
  checksum: 0a8464adc4b39b138aedcb443b09f4005d86207d7126e5e079177e05c3116107d856ec08282b365e9a79a9872f40f4092a6127f8d74c8a01c1ef789dacfc25d6
  languageName: node
  linkType: hard

"@babel/helper-validator-identifier@npm:^7.28.5":
  version: 7.28.5
  resolution: "@babel/helper-validator-identifier@npm:7.28.5"
  checksum: 5a251a6848e9712aea0338f659a1a3bd334d26219d5511164544ca8ec20774f098c3a6661e9da65a0d085c745c00bb62c8fada38a62f08fa1f8053bc0aeb57e4
  languageName: node
  linkType: hard

"@babel/parser@npm:^7.28.5":
  version: 7.28.5
  resolution: "@babel/parser@npm:7.28.5"
  dependencies:
    "@babel/types": ^7.28.5
  bin:
    parser: ./bin/babel-parser.js
  checksum: 5c2456e3f26c70d4a3ce1a220b529a91a2df26c54a2894fd0dea2342699ea1067ffdda9f0715eeab61da46ff546fd5661bc70be6d8d11977cbe21f5f0478819a
  languageName: node
  linkType: hard

"@babel/types@npm:^7.28.5":
  version: 7.28.5
  resolution: "@babel/types@npm:7.28.5"
  dependencies:
    "@babel/helper-string-parser": ^7.27.1
    "@babel/helper-validator-identifier": ^7.28.5
  checksum: 5bc266af9e55ff92f9ddf33d83a42c9de1a87f9579d0ed62ef94a741a081692dd410a4fbbab18d514b83e135083ff05bc0e37003834801c9514b9d8ad748070d
  languageName: node
  linkType: hard

"@biomejs/biome@npm:^2.2.3":
  version: 2.3.10
  resolution: "@biomejs/biome@npm:2.3.10"
  dependencies:
    "@biomejs/cli-darwin-arm64": 2.3.10
    "@biomejs/cli-darwin-x64": 2.3.10
    "@biomejs/cli-linux-arm64": 2.3.10
    "@biomejs/cli-linux-arm64-musl": 2.3.10
    "@biomejs/cli-linux-x64": 2.3.10
    "@biomejs/cli-linux-x64-musl": 2.3.10
    "@biomejs/cli-win32-arm64": 2.3.10
    "@biomejs/cli-win32-x64": 2.3.10
  dependenciesMeta:
    "@biomejs/cli-darwin-arm64":
      optional: true
    "@biomejs/cli-darwin-x64":
      optional: true
    "@biomejs/cli-linux-arm64":
      optional: true
    "@biomejs/cli-linux-arm64-musl":
      optional: true
    "@biomejs/cli-linux-x64":
      optional: true
    "@biomejs/cli-linux-x64-musl":
      optional: true
    "@biomejs/cli-win32-arm64":
      optional: true
    "@biomejs/cli-win32-x64":
      optional: true
  bin:
    biome: bin/biome
  checksum: 5fd3f954253834981d171d9b3e32594f78633baa913387ac0a2f1c87e87e8f27a43bc5f9228d2066f7252207d543a4291fafc7674116d39f6aa038391abf973c
  languageName: node
  linkType: hard

"@biomejs/cli-darwin-arm64@npm:2.3.10":
  version: 2.3.10
  resolution: "@biomejs/cli-darwin-arm64@npm:2.3.10"
  conditions: os=darwin & cpu=arm64
  languageName: node
  linkType: hard

"@biomejs/cli-darwin-x64@npm:2.3.10":
  version: 2.3.10
  resolution: "@biomejs/cli-darwin-x64@npm:2.3.10"
  conditions: os=darwin & cpu=x64
  languageName: node
  linkType: hard

"@biomejs/cli-linux-arm64-musl@npm:2.3.10":
  version: 2.3.10
  resolution: "@biomejs/cli-linux-arm64-musl@npm:2.3.10"
  conditions: os=linux & cpu=arm64 & libc=musl
  languageName: node
  linkType: hard

"@biomejs/cli-linux-arm64@npm:2.3.10":
  version: 2.3.10
  resolution: "@biomejs/cli-linux-arm64@npm:2.3.10"
  conditions: os=linux & cpu=arm64 & libc=glibc
  languageName: node
  linkType: hard

"@biomejs/cli-linux-x64-musl@npm:2.3.10":
  version: 2.3.10
  resolution: "@biomejs/cli-linux-x64-musl@npm:2.3.10"
  conditions: os=linux & cpu=x64 & libc=musl
  languageName: node
  linkType: hard

"@biomejs/cli-linux-x64@npm:2.3.10":
  version: 2.3.10
  resolution: "@biomejs/cli-linux-x64@npm:2.3.10"
  conditions: os=linux & cpu=x64 & libc=glibc
  languageName: node
  linkType: hard

"@biomejs/cli-win32-arm64@npm:2.3.10":
  version: 2.3.10
  resolution: "@biomejs/cli-win32-arm64@npm:2.3.10"
  conditions: os=win32 & cpu=arm64
  languageName: node
  linkType: hard

"@biomejs/cli-win32-x64@npm:2.3.10":
  version: 2.3.10
  resolution: "@biomejs/cli-win32-x64@npm:2.3.10"
  conditions: os=win32 & cpu=x64
  languageName: node
  linkType: hard

"@emnapi/core@npm:^1.7.1":
  version: 1.7.1
  resolution: "@emnapi/core@npm:1.7.1"
  dependencies:
    "@emnapi/wasi-threads": 1.1.0
    tslib: ^2.4.0
  checksum: 45274d4916c29ca39bb1833269524b8ccccc4295902193e640843df37ae4c35cf65a9d557d34d2eff770745116542af75feeb60d73088086fee791192cbee292
  languageName: node
  linkType: hard

"@emnapi/runtime@npm:^1.7.1":
  version: 1.7.1
  resolution: "@emnapi/runtime@npm:1.7.1"
  dependencies:
    tslib: ^2.4.0
  checksum: a7429af887703bae05c360bc089d1ffbb99a8b5fd2645d8e1034737523f0323e9d29510c3569c3b8f5a516e86975aa9fcdb3601d1907c216f972e1b8d3ce82e1
  languageName: node
  linkType: hard

"@emnapi/wasi-threads@npm:1.1.0":
  version: 1.1.0
  resolution: "@emnapi/wasi-threads@npm:1.1.0"
  dependencies:
    tslib: "npm:^2.4.0"
  checksum: 6cffe35f3e407ae26236092991786db5968b4265e6e55f4664bf6f2ce0508e2a02a44ce6ebb16f2acd2f6589efb293f4f9d09cc9fbf80c00fc1a203accc94196
  languageName: node
  linkType: hard

"@jridgewell/gen-mapping@npm:^0.3.12":
  version: 0.3.13
  resolution: "@jridgewell/gen-mapping@npm:0.3.13"
  dependencies:
    "@jridgewell/sourcemap-codec": "npm:^1.5.0"
    "@jridgewell/trace-mapping": "npm:^0.3.24"
  checksum: f2105acefc433337145caa3c84bba286de954f61c0bc46279bbd85a9e6a02871089717fa060413cfb6a9d44189fe8313b2d1cabf3a2eb3284d208fd5f75c54ff
  languageName: node
  linkType: hard

"@jridgewell/resolve-uri@npm:^3.1.0":
  version: 3.1.2
  resolution: "@jridgewell/resolve-uri@npm:3.1.2"
  checksum: 83b85f72c59d1c080b4cbec0fef84528963a1b5db34e4370fa4bd1e3ff64a0d80e0cee7369d11d73c704e0286fb2865b530acac7a871088fbe92b5edf1000870
  languageName: node
  linkType: hard

"@jridgewell/sourcemap-codec@npm:^1.4.14, @jridgewell/sourcemap-codec@npm:^1.5.0":
  version: 1.5.5
  resolution: "@jridgewell/sourcemap-codec@npm:1.5.5"
  checksum: c2e36e67971f719a8a3a85ef5a5f580622437cc723c35d03ebd0c9c0b06418700ef006f58af742791f71f6a4fc68fcfaf1f6a74ec2f9a3332860e9373459dae7
  languageName: node
  linkType: hard

"@jridgewell/trace-mapping@npm:^0.3.24, @jridgewell/trace-mapping@npm:^0.3.28":
  version: 0.3.31
  resolution: "@jridgewell/trace-mapping@npm:0.3.31"
  dependencies:
    "@jridgewell/resolve-uri": "npm:^3.1.0"
    "@jridgewell/sourcemap-codec": "npm:^1.4.14"
  checksum: af8fda2431348ad507fbddf8e25f5d08c79ecc94594061ce402cf41bc5aba1a7b3e59bf0fd70a619b35f33983a3f488ceeba8faf56bff784f98bb5394a8b7d47
  languageName: node
  linkType: hard

"@napi-rs/wasm-runtime@npm:^1.1.0":
  version: 1.1.0
  resolution: "@napi-rs/wasm-runtime@npm:1.1.0"
  dependencies:
    "@emnapi/core": ^1.7.1
    "@emnapi/runtime": ^1.7.1
    "@tybys/wasm-util": ^0.10.1
  checksum: 00b32b0991f1d0353e343e370e91e128099bf9a02b99fd1c2107981e241dcacbcc02a2c9cc27f77486a81af28608e5273ac3e9aa2a775263e5d35a867c8d05fb
  languageName: node
  linkType: hard

"@oxc-project/types@npm:=0.103.0":
  version: 0.103.0
  resolution: "@oxc-project/types@npm:0.103.0"
  checksum: ca6160d3c228e64a421fde17f6cafa85df33c780c587f4167a44c10eec3574c7be9c78ec7900582ac904eef19e9a0059fadacf098d5232ebcd4b4a606cc32550
  languageName: node
  linkType: hard

"@rolldown/binding-android-arm64@npm:1.0.0-beta.57":
  version: 1.0.0-beta.57
  resolution: "@rolldown/binding-android-arm64@npm:1.0.0-beta.57"
  conditions: os=android & cpu=arm64
  languageName: node
  linkType: hard

"@rolldown/binding-darwin-arm64@npm:1.0.0-beta.57":
  version: 1.0.0-beta.57
  resolution: "@rolldown/binding-darwin-arm64@npm:1.0.0-beta.57"
  conditions: os=darwin & cpu=arm64
  languageName: node
  linkType: hard

"@rolldown/binding-darwin-x64@npm:1.0.0-beta.57":
  version: 1.0.0-beta.57
  resolution: "@rolldown/binding-darwin-x64@npm:1.0.0-beta.57"
  conditions: os=darwin & cpu=x64
  languageName: node
  linkType: hard

"@rolldown/binding-freebsd-x64@npm:1.0.0-beta.57":
  version: 1.0.0-beta.57
  resolution: "@rolldown/binding-freebsd-x64@npm:1.0.0-beta.57"
  conditions: os=freebsd & cpu=x64
  languageName: node
  linkType: hard

"@rolldown/binding-linux-arm-gnueabihf@npm:1.0.0-beta.57":
  version: 1.0.0-beta.57
  resolution: "@rolldown/binding-linux-arm-gnueabihf@npm:1.0.0-beta.57"
  conditions: os=linux & cpu=arm
  languageName: node
  linkType: hard

"@rolldown/binding-linux-arm64-gnu@npm:1.0.0-beta.57":
  version: 1.0.0-beta.57
  resolution: "@rolldown/binding-linux-arm64-gnu@npm:1.0.0-beta.57"
  conditions: os=linux & cpu=arm64 & libc=glibc
  languageName: node
  linkType: hard

"@rolldown/binding-linux-arm64-musl@npm:1.0.0-beta.57":
  version: 1.0.0-beta.57
  resolution: "@rolldown/binding-linux-arm64-musl@npm:1.0.0-beta.57"
  conditions: os=linux & cpu=arm64 & libc=musl
  languageName: node
  linkType: hard

"@rolldown/binding-linux-x64-gnu@npm:1.0.0-beta.57":
  version: 1.0.0-beta.57
  resolution: "@rolldown/binding-linux-x64-gnu@npm:1.0.0-beta.57"
  conditions: os=linux & cpu=x64 & libc=glibc
  languageName: node
  linkType: hard

"@rolldown/binding-linux-x64-musl@npm:1.0.0-beta.57":
  version: 1.0.0-beta.57
  resolution: "@rolldown/binding-linux-x64-musl@npm:1.0.0-beta.57"
  conditions: os=linux & cpu=x64 & libc=musl
  languageName: node
  linkType: hard

"@rolldown/binding-openharmony-arm64@npm:1.0.0-beta.57":
  version: 1.0.0-beta.57
  resolution: "@rolldown/binding-openharmony-arm64@npm:1.0.0-beta.57"
  conditions: os=openharmony & cpu=arm64
  languageName: node
  linkType: hard

"@rolldown/binding-wasm32-wasi@npm:1.0.0-beta.57":
  version: 1.0.0-beta.57
  resolution: "@rolldown/binding-wasm32-wasi@npm:1.0.0-beta.57"
  dependencies:
    "@napi-rs/wasm-runtime": ^1.1.0
  conditions: cpu=wasm32
  languageName: node
  linkType: hard

"@rolldown/binding-win32-arm64-msvc@npm:1.0.0-beta.57":
  version: 1.0.0-beta.57
  resolution: "@rolldown/binding-win32-arm64-msvc@npm:1.0.0-beta.57"
  conditions: os=win32 & cpu=arm64
  languageName: node
  linkType: hard

"@rolldown/binding-win32-x64-msvc@npm:1.0.0-beta.57":
  version: 1.0.0-beta.57
  resolution: "@rolldown/binding-win32-x64-msvc@npm:1.0.0-beta.57"
  conditions: os=win32 & cpu=x64
  languageName: node
  linkType: hard

"@rolldown/pluginutils@npm:1.0.0-beta.57":
  version: 1.0.0-beta.57
  resolution: "@rolldown/pluginutils@npm:1.0.0-beta.57"
  checksum: 38120835326b9bf5ec31bd9f373ecdce0fb206d8ce4f2800a07148050106eb5bdbf4bd96272f866ee450efe99e353c8a4d7bdd13638f3c20abe8e21ce0bda4fc
  languageName: node
  linkType: hard

"@tybys/wasm-util@npm:^0.10.1":
  version: 0.10.1
  resolution: "@tybys/wasm-util@npm:0.10.1"
  dependencies:
    tslib: "npm:^2.4.0"
  checksum: b8b281ffa9cd01cb6d45a4dddca2e28fd0cb6ad67cf091ba4a73ac87c0d6bd6ce188c332c489e87c20b0750b0b6fe3b99e30e1cd2227ec16da692f51c778944e
  languageName: node
  linkType: hard

"@types/node@npm:^25.0.3":
  version: 25.0.3
  resolution: "@types/node@npm:25.0.3"
  dependencies:
    undici-types: ~7.16.0
  checksum: b5e0146eafe208e2f1c1167fd6078a460ace823ad1da61967ec70b8d7521bd6dd26f3cd945796effac48ef4b3df4d8d57d03e9eefd5f2903f6c1d6daf84a9a79
  languageName: node
  linkType: hard

"ast-kit@npm:^2.2.0":
  version: 2.2.0
  resolution: "ast-kit@npm:2.2.0"
  dependencies:
    "@babel/parser": ^7.28.5
    pathe: ^2.0.3
  checksum: 501d92fb4076c1e9b3b1c8cd487b33ddbfe568d15a76de43d6461d5d540536f34b16e5deccd30537b2e02ddaa115a45648c9ba1d095f0cd862dcc60af3f1fba6
  languageName: node
  linkType: hard

"base64-js@npm:^1.3.1":
  version: 1.5.1
  resolution: "base64-js@npm:1.5.1"
  checksum: 669632eb3745404c2f822a18fc3a0122d2f9a7a13f7fb8b5823ee19d1d2ff9ee5b52c53367176ea4ad093c332fd5ab4bd0ebae5a8e27917a4105a4cfc86b1005
  languageName: node
  linkType: hard

"birpc@npm:^4.0.0":
  version: 4.0.0
  resolution: "birpc@npm:4.0.0"
  checksum: b350e3cfd23d3ccf07c55ce1986024ad65ce05c5abd24e7c9fed8aa2cc8a4d426b463742f40a8b64026d2388cfefb7b1986e24902370e45f4bce9e4aaf066fd5
  languageName: node
  linkType: hard

"buffer@npm:^6.0.3":
  version: 6.0.3
  resolution: "buffer@npm:6.0.3"
  dependencies:
    base64-js: "npm:^1.3.1"
    ieee754: "npm:^1.2.1"
  checksum: 5ad23293d9a731e4318e420025800b42bf0d264004c0286c8cc010af7a270c7a0f6522e84f54b9ad65cbd6db20b8badbfd8d2ebf4f80fa03dab093b89e68c3f9
  languageName: node
  linkType: hard

"dts-resolver@npm:^2.1.3":
  version: 2.1.3
  resolution: "dts-resolver@npm:2.1.3"
  peerDependencies:
    oxc-resolver: ">=11.0.0"
  peerDependenciesMeta:
    oxc-resolver:
      optional: true
  checksum: 9dfa79be6f5a4dabc318274a6069cc237e3121307afa604bada4e8cbbf5c30403d916ec49059ce473b18fed1a28eb1d13353bb0fb82c4231b5cb4d332ff12f51
  languageName: node
  linkType: hard

"get-tsconfig@npm:^4.13.0":
  version: 4.13.0
  resolution: "get-tsconfig@npm:4.13.0"
  dependencies:
    resolve-pkg-maps: ^1.0.0
  checksum: b3cfa1316dd8842e038f6a3dc02ae87d9f3a227f14b79ac4b1c81bf6fc75de4dfc3355c4117612e183f5147dad49c8132841c7fdd7a4508531d820a9b90acc51
  languageName: node
  linkType: hard

"ieee754@npm:^1.2.1":
  version: 1.2.1
  resolution: "ieee754@npm:1.2.1"
  checksum: 5144c0c9815e54ada181d80a0b810221a253562422e7c6c3a60b1901154184f49326ec239d618c416c1c5945a2e197107aee8d986a3dd836b53dffefd99b5e7e
  languageName: node
  linkType: hard

"jsesc@npm:^3.0.2":
  version: 3.1.0
  resolution: "jsesc@npm:3.1.0"
  bin:
    jsesc: bin/jsesc
  checksum: 19c94095ea026725540c0d29da33ab03144f6bcf2d4159e4833d534976e99e0c09c38cefa9a575279a51fc36b31166f8d6d05c9fe2645d5f15851d690b41f17f
  languageName: node
  linkType: hard

"milimg@workspace:.":
  version: 0.0.0-use.local
  resolution: "milimg@workspace:."
  dependencies:
    "@biomejs/biome": ^2.2.3
    "@types/node": ^25.0.3
    buffer: ^6.0.3
    rolldown: 1.0.0-beta.57
    rolldown-plugin-dts: ^0.20.0
    typescript: ^5.9.3
  languageName: unknown
  linkType: soft

"obug@npm:^2.1.1":
  version: 2.1.1
  resolution: "obug@npm:2.1.1"
  checksum: 73e54095e977bc85611351a78d31061cf1eccd7173562e7b72afad63dcb924709a6fc5d6f43868edea424b1038e0f45edad1bf07ec37a559c96b81c89b663a71
  languageName: node
  linkType: hard

"pathe@npm:^2.0.3":
  version: 2.0.3
  resolution: "pathe@npm:2.0.3"
  checksum: 0602bdd4acb54d91044e0c56f1fb63467ae7d44ab3afea1f797947b0eb2b4d1d91cf0d58d065fdb0a8ab0c4acbbd8d3a5b424983eaf10dd5285d37a16f6e3ee9
  languageName: node
  linkType: hard

"resolve-pkg-maps@npm:^1.0.0":
  version: 1.0.0
  resolution: "resolve-pkg-maps@npm:1.0.0"
  checksum: 1012afc566b3fdb190a6309cc37ef3b2dcc35dff5fa6683a9d00cd25c3247edfbc4691b91078c97adc82a29b77a2660c30d791d65dab4fc78bfc473f60289977
  languageName: node
  linkType: hard

"rolldown-plugin-dts@npm:^0.20.0":
  version: 0.20.0
  resolution: "rolldown-plugin-dts@npm:0.20.0"
  dependencies:
    "@babel/generator": ^7.28.5
    "@babel/parser": ^7.28.5
    "@babel/types": ^7.28.5
    ast-kit: ^2.2.0
    birpc: ^4.0.0
    dts-resolver: ^2.1.3
    get-tsconfig: ^4.13.0
    obug: ^2.1.1
  peerDependencies:
    "@ts-macro/tsc": ^0.3.6
    "@typescript/native-preview": ">=7.0.0-dev.20250601.1"
    rolldown: ^1.0.0-beta.57
    typescript: ^5.0.0
    vue-tsc: ~3.2.0
  peerDependenciesMeta:
    "@ts-macro/tsc":
      optional: true
    "@typescript/native-preview":
      optional: true
    typescript:
      optional: true
    vue-tsc:
      optional: true
  checksum: a4b76885bfa905f8c3a855c8d6d5415cb36c367c089c46962350718169606bcaf4403ebb21f718378f2bc84a5746f1f615f8670c5bbfaf27704a901f6fdfb7c7
  languageName: node
  linkType: hard

"rolldown@npm:1.0.0-beta.57":
  version: 1.0.0-beta.57
  resolution: "rolldown@npm:1.0.0-beta.57"
  dependencies:
    "@oxc-project/types": =0.103.0
    "@rolldown/binding-android-arm64": 1.0.0-beta.57
    "@rolldown/binding-darwin-arm64": 1.0.0-beta.57
    "@rolldown/binding-darwin-x64": 1.0.0-beta.57
    "@rolldown/binding-freebsd-x64": 1.0.0-beta.57
    "@rolldown/binding-linux-arm-gnueabihf": 1.0.0-beta.57
    "@rolldown/binding-linux-arm64-gnu": 1.0.0-beta.57
    "@rolldown/binding-linux-arm64-musl": 1.0.0-beta.57
    "@rolldown/binding-linux-x64-gnu": 1.0.0-beta.57
    "@rolldown/binding-linux-x64-musl": 1.0.0-beta.57
    "@rolldown/binding-openharmony-arm64": 1.0.0-beta.57
    "@rolldown/binding-wasm32-wasi": 1.0.0-beta.57
    "@rolldown/binding-win32-arm64-msvc": 1.0.0-beta.57
    "@rolldown/binding-win32-x64-msvc": 1.0.0-beta.57
    "@rolldown/pluginutils": 1.0.0-beta.57
  dependenciesMeta:
    "@rolldown/binding-android-arm64":
      optional: true
    "@rolldown/binding-darwin-arm64":
      optional: true
    "@rolldown/binding-darwin-x64":
      optional: true
    "@rolldown/binding-freebsd-x64":
      optional: true
    "@rolldown/binding-linux-arm-gnueabihf":
      optional: true
    "@rolldown/binding-linux-arm64-gnu":
      optional: true
    "@rolldown/binding-linux-arm64-musl":
      optional: true
    "@rolldown/binding-linux-x64-gnu":
      optional: true
    "@rolldown/binding-linux-x64-musl":
      optional: true
    "@rolldown/binding-openharmony-arm64":
      optional: true
    "@rolldown/binding-wasm32-wasi":
      optional: true
    "@rolldown/binding-win32-arm64-msvc":
      optional: true
    "@rolldown/binding-win32-x64-msvc":
      optional: true
  bin:
    rolldown: bin/cli.mjs
  checksum: 282a7275885265dc37c16785bfc7a4e7286e39abb17f48db09d3b29695c10dff4c49c4f0a40c6dd2e537303d166a401cdd20c739a2ef2610f724d93c0a8bf42f
  languageName: node
  linkType: hard

"tslib@npm:^2.4.0":
  version: 2.8.1
  resolution: "tslib@npm:2.8.1"
  checksum: e4aba30e632b8c8902b47587fd13345e2827fa639e7c3121074d5ee0880723282411a8838f830b55100cbe4517672f84a2472667d355b81e8af165a55dc6203a
  languageName: node
  linkType: hard

"typescript@npm:^5.9.3":
  version: 5.9.3
  resolution: "typescript@npm:5.9.3"
  bin:
    tsc: bin/tsc
    tsserver: bin/tsserver
  checksum: 0d0ffb84f2cd072c3e164c79a2e5a1a1f4f168e84cb2882ff8967b92afe1def6c2a91f6838fb58b168428f9458c57a2ba06a6737711fdd87a256bbe83e9a217f
  languageName: node
  linkType: hard

"typescript@patch:typescript@^5.9.3#~builtin<compat/typescript>":
  version: 5.9.3
  resolution: "typescript@patch:typescript@npm%3A5.9.3#~builtin<compat/typescript>::version=5.9.3&hash=5786d5"
  bin:
    tsc: bin/tsc
    tsserver: bin/tsserver
  checksum: a5a6dc399d3761ded54192031f11d3ad5df8001c7febe3fbbc8098efcb552cdf8f2f402b3618c56dafcd04fef63dee005f4900f608e185404caedc46480539ed
  languageName: node
  linkType: hard

"undici-types@npm:~7.16.0":
  version: 7.16.0
  resolution: "undici-types@npm:7.16.0"
  checksum: 1ef68fc6c5bad200c8b6f17de8e5bc5cfdcadc164ba8d7208cd087cfa8583d922d8316a7fd76c9a658c22b4123d3ff847429185094484fbc65377d695c905857
  languageName: node
  linkType: hard
